
Microsoft Visual Studio Solution File, Format Version 12.00
# Visual Studio Version 16
VisualStudioVersion = 16.0.30717.126
MinimumVisualStudioVersion = 10.0.40219.1
Project("{FAE04EC0-301F-11D3-BF4B-00C04F79EFBC}") = "LightsOutWpf", "LightsOutWpf\LightsOutWpf.csproj", "{2D626FE5-0A54-480D-97C9-99AB8173088F}"
EndProject
Project("{FAE04EC0-301F-11D3-BF4B-00C04F79EFBC}") = "LightsOutWpf.Tests", "LightsOutWpf.Tests\LightsOutWpf.Tests.csproj", "{1ADA93F1-00DE-4DBC-9769-E05EBBCE7988}"
EndProject
Project("{FAE04EC0-301F-11D3-BF4B-00C04F79EFBC}") = "LightsOutWpf.Shared", "LightsOutWpf.Shared\LightsOutWpf.Shared.csproj", "{02462F69-A879-4533-91BD-C92D664B74A7}"
EndProject
Global
	GlobalSection(SolutionConfigurationPlatforms) = preSolution
		Debug|Any CPU = Debug|Any CPU
		Release|Any CPU = Release|Any CPU
	EndGlobalSection
	GlobalSection(ProjectConfigurationPlatforms) = postSolution
		{2D626FE5-0A54-480D-97C9-99AB8173088F}.Debug|Any CPU.ActiveCfg = Debug|Any CPU
		{2D626FE5-0A54-480D-97C9-99AB8173088F}.Debug|Any CPU.Build.0 = Debug|Any CPU
		{2D626FE5-0A54-480D-97C9-99AB8173088F}.Release|Any CPU.ActiveCfg = Release|Any CPU
		{2D626FE5-0A54-480D-97C9-99AB8173088F}.Release|Any CPU.Build.0 = Release|Any CPU
		{1ADA93F1-00DE-4DBC-9769-E05EBBCE7988}.Debug|Any CPU.ActiveCfg = Debug|Any CPU
		{1ADA93F1-00DE-4DBC-9769-E05EBBCE7988}.Debug|Any CPU.Build.0 = Debug|Any CPU
		{1ADA93F1-00DE-4DBC-9769-E05EBBCE7988}.Release|Any CPU.ActiveCfg = Release|Any CPU
		{1ADA93F1-00DE-4DBC-9769-E05EBBCE7988}.Release|Any CPU.Build.0 = Release|Any CPU
		{02462F69-A879-4533-91BD-C92D664B74A7}.Debug|Any CPU.ActiveCfg = Debug|Any CPU
		{02462F69-A879-4533-91BD-C92D664B74A7}.Debug|Any CPU.Build.0 = Debug|Any CPU
		{02462F69-A879-4533-91BD-C92D664B74A7}.Release|Any CPU.ActiveCfg = Release|Any CPU
		{02462F69-A879-4533-91BD-C92D664B74A7}.Release|Any CPU.Build.0 = Release|Any CPU
	EndGlobalSection
	GlobalSection(SolutionProperties) = preSolution
		HideSolutionNode = FALSE
	EndGlobalSection
	GlobalSection(ExtensibilityGlobals) = postSolution
		SolutionGuid = {B948A1B3-C82F-4EAF-8C30-83E93A5085D8}
	EndGlobalSection
EndGlobal
